{
  "name": "taobao scraper",
  "lockfileVersion": 3,
  "requires": true,
  "packages": {
    "": {
      "dependencies": {
        "jschardet": "^3.1.2"
      }
    },
    "node_modules/jschardet": {
      "version": "3.1.2",
      "resolved": "https://registry.npmjs.org/jschardet/-/jschardet-3.1.2.tgz",
      "integrity": "sha512-mw3CBZGzW8nUBPYhFU2ztZ/kJ6NClQUQVpyzvFMfznZsoC///ZQ30J2RCUanNsr5yF22LqhgYr/lj807/ZleWA==",
      "engines": {
        "node": ">=0.1.90"
      }
    }
  }
}
